
Microsoft Visual Studio Solution File, Format Version 12.00
# Visual Studio Version 16
VisualStudioVersion = 16.0.30804.86
MinimumVisualStudioVersion = 10.0.40219.1
Project("{FAE04EC0-301F-11D3-BF4B-00C04F79EFBC}") = "PlantApp", "PlantApp\PlantApp.csproj", "{6B4EC640-BE19-4D05-A1B4-452DE7CCC594}"
EndProject
Project("{FAE04EC0-301F-11D3-BF4B-00C04F79EFBC}") = "PlantApp.Core", "PlantApp.Core\PlantApp.Core.csproj", "{D36A21F0-980D-48C0-9D6F-4346A55605C3}"
EndProject
Project("{FAE04EC0-301F-11D3-BF4B-00C04F79EFBC}") = "PlantApp.Application", "PlantApp.Application\PlantApp.Application.csproj", "{FE4F6A60-0CAF-4924-B47F-6D1F8B3BDA42}"
EndProject
Global
	GlobalSection(SolutionConfigurationPlatforms) = preSolution
		Debug|Any CPU = Debug|Any CPU
		Release|Any CPU = Release|Any CPU
	EndGlobalSection
	GlobalSection(ProjectConfigurationPlatforms) = postSolution
		{6B4EC640-BE19-4D05-A1B4-452DE7CCC594}.Debug|Any CPU.ActiveCfg = Debug|Any CPU
		{6B4EC640-BE19-4D05-A1B4-452DE7CCC594}.Debug|Any CPU.Build.0 = Debug|Any CPU
		{6B4EC640-BE19-4D05-A1B4-452DE7CCC594}.Release|Any CPU.ActiveCfg = Release|Any CPU
		{6B4EC640-BE19-4D05-A1B4-452DE7CCC594}.Release|Any CPU.Build.0 = Release|Any CPU
		{D36A21F0-980D-48C0-9D6F-4346A55605C3}.Debug|Any CPU.ActiveCfg = Debug|Any CPU
		{D36A21F0-980D-48C0-9D6F-4346A55605C3}.Debug|Any CPU.Build.0 = Debug|Any CPU
		{D36A21F0-980D-48C0-9D6F-4346A55605C3}.Release|Any CPU.ActiveCfg = Release|Any CPU
		{D36A21F0-980D-48C0-9D6F-4346A55605C3}.Release|Any CPU.Build.0 = Release|Any CPU
		{FE4F6A60-0CAF-4924-B47F-6D1F8B3BDA42}.Debug|Any CPU.ActiveCfg = Debug|Any CPU
		{FE4F6A60-0CAF-4924-B47F-6D1F8B3BDA42}.Debug|Any CPU.Build.0 = Debug|Any CPU
		{FE4F6A60-0CAF-4924-B47F-6D1F8B3BDA42}.Release|Any CPU.ActiveCfg = Release|Any CPU
		{FE4F6A60-0CAF-4924-B47F-6D1F8B3BDA42}.Release|Any CPU.Build.0 = Release|Any CPU
	EndGlobalSection
	GlobalSection(SolutionProperties) = preSolution
		HideSolutionNode = FALSE
	EndGlobalSection
	GlobalSection(ExtensibilityGlobals) = postSolution
		SolutionGuid = {B130EA9D-C6C0-48EB-81D7-21AA03486B2A}
	EndGlobalSection
EndGlobal
